
Microsoft Visual Studio Solution File, Format Version 12.00
# Visual Studio Version 17
VisualStudioVersion = 17.14.36414.22 d17.14
MinimumVisualStudioVersion = 10.0.40219.1
Project("{FAE04EC0-301F-11D3-BF4B-00C04F79EFBC}") = "McpServidorEjemplo", "McpServidorEjemplo\McpServidorEjemplo.csproj", "{CE704C52-86D6-4CAA-960B-7AC00306B68F}"
EndProject
Global
	GlobalSection(SolutionConfigurationPlatforms) = preSolution
		Debug|Any CPU = Debug|Any CPU
		Release|Any CPU = Release|Any CPU
	EndGlobalSection
	GlobalSection(ProjectConfigurationPlatforms) = postSolution
		{CE704C52-86D6-4CAA-960B-7AC00306B68F}.Debug|Any CPU.ActiveCfg = Debug|Any CPU
		{CE704C52-86D6-4CAA-960B-7AC00306B68F}.Debug|Any CPU.Build.0 = Debug|Any CPU
		{CE704C52-86D6-4CAA-960B-7AC00306B68F}.Release|Any CPU.ActiveCfg = Release|Any CPU
		{CE704C52-86D6-4CAA-960B-7AC00306B68F}.Release|Any CPU.Build.0 = Release|Any CPU
	EndGlobalSection
	GlobalSection(SolutionProperties) = preSolution
		HideSolutionNode = FALSE
	EndGlobalSection
	GlobalSection(ExtensibilityGlobals) = postSolution
		SolutionGuid = {1F5D4C8A-E546-4302-8716-59DA4D2A1337}
	EndGlobalSection
EndGlobal
